{
    "_readme": [
        "This file locks the dependencies of your project to a known state",
        "Read more about it at http://getcomposer.org/doc/01-basic-usage.md#composer-lock-the-lock-file",
        "This file is @generated automatically"
    ],
    "hash": "1c0585169d003b6c91f92149f73549cb",
    "packages": [
        {
            "name": "punic/punic",
            "version": "1.0.2",
            "source": {
                "type": "git",
                "url": "https://github.com/punic/punic.git",
                "reference": "783f2f7e09a810e4a0fc2feca497ce14329e67f0"
            },
            "dist": {
                "type": "zip",
                "url": "https://api.github.com/repos/punic/punic/zipball/783f2f7e09a810e4a0fc2feca497ce14329e67f0",
                "reference": "783f2f7e09a810e4a0fc2feca497ce14329e67f0",
                "shasum": ""
            },
            "require": {
                "php": ">=5.3"
            },
            "replace": {
                "punic/calendar": "*",
                "punic/common": "*"
            },
            "require-dev": {
                "apigen/apigen": "2.*",
                "nette/nette": "2.1.*",
                "satooshi/php-coveralls": "dev-master"
            },
            "type": "library",
            "autoload": {
                "psr-4": {
                    "Punic\\": "code/"
                }
            },
            "notification-url": "https://packagist.org/downloads/",
            "license": [
                "MIT"
            ],
            "authors": [
                {
                    "name": "Michele Locati",
                    "email": "mlocati@gmail.com",
                    "role": "Developer"
                },
                {
                    "name": "Remo Laubacher",
                    "email": "remo.laubacher@gmail.com",
                    "role": "Collaborator, motivator and perfectionist supporter"
                }
            ],
            "description": "PHP-Unicode CLDR",
            "homepage": "https://github.com/punic/punic",
            "keywords": [
                "calendar",
                "cldr",
                "date",
                "date-time",
                "i18n",
                "internationalization",
                "l10n",
                "localization",
                "php",
                "time",
                "translate",
                "translations",
                "unicode"
            ],
            "time": "2014-09-05 06:20:43"
        }
    ],
    "packages-dev": [

    ],
    "aliases": [

    ],
    "minimum-stability": "stable",
    "stability-flags": [

    ],
    "prefer-stable": false,
    "platform": {
        "php": ">=5.3"
    },
    "platform-dev": [

    ]
}
